
Microsoft Visual Studio Solution File, Format Version 12.00
# Visual Studio 2012
Project("{FAE04EC0-301F-11D3-BF4B-00C04F79EFBC}") = "ClickOnceUpdate", "ClickOnceUpdate\ClickOnceUpdate.csproj", "{4C6BFF3A-9781-4265-8700-2E78826A5510}"
EndProject
Global
	GlobalSection(SolutionConfigurationPlatforms) = preSolution
		Debug|Any CPU = Debug|Any CPU
		Release|Any CPU = Release|Any CPU
	EndGlobalSection
	GlobalSection(ProjectConfigurationPlatforms) = postSolution
		{4C6BFF3A-9781-4265-8700-2E78826A5510}.Debug|Any CPU.ActiveCfg = Debug|Any CPU
		{4C6BFF3A-9781-4265-8700-2E78826A5510}.Debug|Any CPU.Build.0 = Debug|Any CPU
		{4C6BFF3A-9781-4265-8700-2E78826A5510}.Release|Any CPU.ActiveCfg = Release|Any CPU
		{4C6BFF3A-9781-4265-8700-2E78826A5510}.Release|Any CPU.Build.0 = Release|Any CPU
	EndGlobalSection
	GlobalSection(SolutionProperties) = preSolution
		HideSolutionNode = FALSE
	EndGlobalSection
EndGlobal
